
Microsoft Visual Studio Solution File, Format Version 12.00
# Visual Studio 15
VisualStudioVersion = 15.0.27004.2005
MinimumVisualStudioVersion = 10.0.40219.1
Project("{FAE04EC0-301F-11D3-BF4B-00C04F79EFBC}") = "IRCApp", "WindowsFormsApp1\IRCApp.csproj", "{FEE6D771-6421-47D8-877D-C562DB70D141}"
EndProject
Global
	GlobalSection(SolutionConfigurationPlatforms) = preSolution
		Debug|Any CPU = Debug|Any CPU
		Release|Any CPU = Release|Any CPU
	EndGlobalSection
	GlobalSection(ProjectConfigurationPlatforms) = postSolution
		{FEE6D771-6421-47D8-877D-C562DB70D141}.Debug|Any CPU.ActiveCfg = Debug|Any CPU
		{FEE6D771-6421-47D8-877D-C562DB70D141}.Debug|Any CPU.Build.0 = Debug|Any CPU
		{FEE6D771-6421-47D8-877D-C562DB70D141}.Release|Any CPU.ActiveCfg = Release|Any CPU
		{FEE6D771-6421-47D8-877D-C562DB70D141}.Release|Any CPU.Build.0 = Release|Any CPU
	EndGlobalSection
	GlobalSection(SolutionProperties) = preSolution
		HideSolutionNode = FALSE
	EndGlobalSection
	GlobalSection(ExtensibilityGlobals) = postSolution
		SolutionGuid = {D6323A38-854D-4DBD-92C7-8F227F65C6F6}
	EndGlobalSection
EndGlobal
